
Microsoft Visual Studio Solution File, Format Version 12.00
# Visual Studio 15
VisualStudioVersion = 15.0.28307.168
MinimumVisualStudioVersion = 10.0.40219.1
Project("{2150E333-8FDC-42A3-9474-1A3956D46DE8}") = "Create", "Create", "{FA2BF75E-477D-474D-9403-374EA1FF7184}"
EndProject
Project("{2150E333-8FDC-42A3-9474-1A3956D46DE8}") = "Estrutura", "Estrutura", "{8956247E-5968-43CB-8CD9-51F2FBF79F3D}"
EndProject
Project("{2150E333-8FDC-42A3-9474-1A3956D46DE8}") = "Comportamento", "Comportamento", "{DCDB7DED-B9EA-4C82-8039-F4034AD6C4E4}"
EndProject
Project("{FAE04EC0-301F-11D3-BF4B-00C04F79EFBC}") = "Singleton", "src\Criacao\Singleton\Singleton.csproj", "{A7FFA46D-74A3-450D-AEDA-BF203B401619}"
EndProject
Project("{FAE04EC0-301F-11D3-BF4B-00C04F79EFBC}") = "FactoryMethod", "src\Criacao\FactoryMethod\FactoryMethod.csproj", "{C46F3447-1086-4709-BF67-E540391E76B1}"
EndProject
Project("{FAE04EC0-301F-11D3-BF4B-00C04F79EFBC}") = "AbstractFactory", "src\Criacao\AbstractFactory\AbstractFactory.csproj", "{BC3567D7-0171-45FC-ABDA-1B053043F87C}"
EndProject
Project("{FAE04EC0-301F-11D3-BF4B-00C04F79EFBC}") = "ChainOfResponsibility", "src\Comportamentais\ChainOfResponsibility\ChainOfResponsibility.csproj", "{CA7D942A-EAA3-4690-B44C-CBDC709691A9}"
EndProject
Project("{FAE04EC0-301F-11D3-BF4B-00C04F79EFBC}") = "Command", "src\Comportamentais\Command\Command.csproj", "{0B9BD03C-6244-43B5-8FAF-9CFFBB53E311}"
EndProject
Project("{FAE04EC0-301F-11D3-BF4B-00C04F79EFBC}") = "Interpreter", "src\Comportamentais\Interpreter\Interpreter.csproj", "{49592F5F-FC7D-4EFA-9D71-F792195C095B}"
EndProject
Project("{FAE04EC0-301F-11D3-BF4B-00C04F79EFBC}") = "Iterator", "src\Comportamentais\Iterator\Iterator.csproj", "{D735CAE5-9A2A-44A7-916F-094216A90781}"
EndProject
Project("{FAE04EC0-301F-11D3-BF4B-00C04F79EFBC}") = "Mediator", "src\Comportamentais\Mediator\Mediator.csproj", "{651FE95C-B5A7-43F1-A20A-FD56679C2CF5}"
EndProject
Project("{FAE04EC0-301F-11D3-BF4B-00C04F79EFBC}") = "Memento", "src\Comportamentais\Memento\Memento.csproj", "{55B251FA-3450-466C-AD49-3247754C529D}"
EndProject
Project("{FAE04EC0-301F-11D3-BF4B-00C04F79EFBC}") = "Observer", "src\Comportamentais\Observer\Observer.csproj", "{6E713626-F5F7-4E96-8150-C15EB1860C24}"
EndProject
Project("{FAE04EC0-301F-11D3-BF4B-00C04F79EFBC}") = "State", "src\Comportamentais\State\State.csproj", "{EB687821-F9F6-4CF1-9657-290E0127D1EE}"
EndProject
Project("{FAE04EC0-301F-11D3-BF4B-00C04F79EFBC}") = "Strategy", "src\Comportamentais\Strategy\Strategy.csproj", "{0F2C837C-6D74-4C4F-BEEA-C73AF7D8187A}"
EndProject
Project("{FAE04EC0-301F-11D3-BF4B-00C04F79EFBC}") = "TemplateMethod", "src\Comportamentais\TemplateMethod\TemplateMethod.csproj", "{7A3032E5-6DE2-4153-B25F-3751B398D41A}"
EndProject
Project("{FAE04EC0-301F-11D3-BF4B-00C04F79EFBC}") = "Visitor", "src\Comportamentais\Visitor\Visitor.csproj", "{CDAC2CAF-4518-4945-9C9B-CD2A6CFD7CF5}"
EndProject
Project("{FAE04EC0-301F-11D3-BF4B-00C04F79EFBC}") = "Prototype", "src\Criacao\Prototype\Prototype.csproj", "{01C32E60-96F3-420D-8856-C796BF7529FF}"
EndProject
Project("{FAE04EC0-301F-11D3-BF4B-00C04F79EFBC}") = "Builder", "src\Criacao\Builder\Builder.csproj", "{AEF06E87-54B8-4577-BE4B-14E0FDBA3FFF}"
EndProject
Project("{FAE04EC0-301F-11D3-BF4B-00C04F79EFBC}") = "Adapter", "src\Estrutural\Adapater\Adapter.csproj", "{AD55F31A-2382-4381-ABD2-4E33F3F1C815}"
EndProject
Project("{FAE04EC0-301F-11D3-BF4B-00C04F79EFBC}") = "Bridge", "src\Estrutural\Bridge\Bridge.csproj", "{344A04E6-A5ED-41E0-B2BB-1FDCF7968045}"
EndProject
Project("{FAE04EC0-301F-11D3-BF4B-00C04F79EFBC}") = "Composite", "src\Estrutural\Composite\Composite.csproj", "{601C3D06-7F74-47E7-BD0F-26D2FD21FE3C}"
EndProject
Project("{FAE04EC0-301F-11D3-BF4B-00C04F79EFBC}") = "Decorator", "src\Estrutural\Decorator\Decorator.csproj", "{0C3CA13D-01E7-4B7C-8B28-D7C5B80A5E36}"
EndProject
Project("{FAE04EC0-301F-11D3-BF4B-00C04F79EFBC}") = "Facade", "src\Estrutural\Facade\Facade.csproj", "{705C0435-3C29-46F8-AA4E-33A9AD6A4FDF}"
EndProject
Project("{FAE04EC0-301F-11D3-BF4B-00C04F79EFBC}") = "Flyweight", "src\Estrutural\Flyweight\Flyweight.csproj", "{60A6CB86-92CF-45DF-8D25-BA4BE62F8B20}"
EndProject
Project("{FAE04EC0-301F-11D3-BF4B-00C04F79EFBC}") = "Proxy", "src\Estrutural\Proxy\Proxy.csproj", "{5B6EB421-EE78-4F93-93B7-F899EC9D95CC}"
EndProject
Project("{2150E333-8FDC-42A3-9474-1A3956D46DE8}") = "Cloud", "Cloud", "{A1E5A088-5BA4-421B-BAD2-B9839EBA29A6}"
EndProject
Project("{2150E333-8FDC-42A3-9474-1A3956D46DE8}") = "External Configuration Store Pattern", "External Configuration Store Pattern", "{0F9BBA4E-D11B-4ED4-965E-BFE521DF93A0}"
	ProjectSection(SolutionItems) = preProject
		Description ECS.txt = Description ECS.txt
	EndProjectSection
EndProject
Project("{2150E333-8FDC-42A3-9474-1A3956D46DE8}") = "Federated Identity Pattern", "Federated Identity Pattern", "{8FA2756A-7D0F-4380-9C86-70B26D2AA2CF}"
	ProjectSection(SolutionItems) = preProject
		Description FID.txt = Description FID.txt
	EndProjectSection
EndProject
Project("{2150E333-8FDC-42A3-9474-1A3956D46DE8}") = "Getekeeper Pattern", "Getekeeper Pattern", "{4914D6C2-69EB-4CF5-829A-0E04B893EFC5}"
	ProjectSection(SolutionItems) = preProject
		Description GetKeeper.txt = Description GetKeeper.txt
	EndProjectSection
EndProject
Project("{2150E333-8FDC-42A3-9474-1A3956D46DE8}") = "Runtime reconfiguration Pattern", "Runtime reconfiguration Pattern", "{DF729203-4BF8-42F3-ACE1-C2A4D78BE428}"
	ProjectSection(SolutionItems) = preProject
		Description RR.txt = Description RR.txt
	EndProjectSection
EndProject
Project("{2150E333-8FDC-42A3-9474-1A3956D46DE8}") = "Valet Key Pattern", "Valet Key Pattern", "{724163B6-B22D-4667-A413-864D8E1A722F}"
	ProjectSection(SolutionItems) = preProject
		Description VK.txt = Description VK.txt
	EndProjectSection
EndProject
Global
	GlobalSection(SolutionConfigurationPlatforms) = preSolution
		Debug|Any CPU = Debug|Any CPU
		Release|Any CPU = Release|Any CPU
	EndGlobalSection
	GlobalSection(ProjectConfigurationPlatforms) = postSolution
		{A7FFA46D-74A3-450D-AEDA-BF203B401619}.Debug|Any CPU.ActiveCfg = Debug|Any CPU
		{A7FFA46D-74A3-450D-AEDA-BF203B401619}.Debug|Any CPU.Build.0 = Debug|Any CPU
		{A7FFA46D-74A3-450D-AEDA-BF203B401619}.Release|Any CPU.ActiveCfg = Release|Any CPU
		{A7FFA46D-74A3-450D-AEDA-BF203B401619}.Release|Any CPU.Build.0 = Release|Any CPU
		{C46F3447-1086-4709-BF67-E540391E76B1}.Debug|Any CPU.ActiveCfg = Debug|Any CPU
		{C46F3447-1086-4709-BF67-E540391E76B1}.Debug|Any CPU.Build.0 = Debug|Any CPU
		{C46F3447-1086-4709-BF67-E540391E76B1}.Release|Any CPU.ActiveCfg = Release|Any CPU
		{C46F3447-1086-4709-BF67-E540391E76B1}.Release|Any CPU.Build.0 = Release|Any CPU
		{BC3567D7-0171-45FC-ABDA-1B053043F87C}.Debug|Any CPU.ActiveCfg = Debug|Any CPU
		{BC3567D7-0171-45FC-ABDA-1B053043F87C}.Debug|Any CPU.Build.0 = Debug|Any CPU
		{BC3567D7-0171-45FC-ABDA-1B053043F87C}.Release|Any CPU.ActiveCfg = Release|Any CPU
		{BC3567D7-0171-45FC-ABDA-1B053043F87C}.Release|Any CPU.Build.0 = Release|Any CPU
		{CA7D942A-EAA3-4690-B44C-CBDC709691A9}.Debug|Any CPU.ActiveCfg = Debug|Any CPU
		{CA7D942A-EAA3-4690-B44C-CBDC709691A9}.Debug|Any CPU.Build.0 = Debug|Any CPU
		{CA7D942A-EAA3-4690-B44C-CBDC709691A9}.Release|Any CPU.ActiveCfg = Release|Any CPU
		{CA7D942A-EAA3-4690-B44C-CBDC709691A9}.Release|Any CPU.Build.0 = Release|Any CPU
		{0B9BD03C-6244-43B5-8FAF-9CFFBB53E311}.Debug|Any CPU.ActiveCfg = Debug|Any CPU
		{0B9BD03C-6244-43B5-8FAF-9CFFBB53E311}.Debug|Any CPU.Build.0 = Debug|Any CPU
		{0B9BD03C-6244-43B5-8FAF-9CFFBB53E311}.Release|Any CPU.ActiveCfg = Release|Any CPU
		{0B9BD03C-6244-43B5-8FAF-9CFFBB53E311}.Release|Any CPU.Build.0 = Release|Any CPU
		{49592F5F-FC7D-4EFA-9D71-F792195C095B}.Debug|Any CPU.ActiveCfg = Debug|Any CPU
		{49592F5F-FC7D-4EFA-9D71-F792195C095B}.Debug|Any CPU.Build.0 = Debug|Any CPU
		{49592F5F-FC7D-4EFA-9D71-F792195C095B}.Release|Any CPU.ActiveCfg = Release|Any CPU
		{49592F5F-FC7D-4EFA-9D71-F792195C095B}.Release|Any CPU.Build.0 = Release|Any CPU
		{D735CAE5-9A2A-44A7-916F-094216A90781}.Debug|Any CPU.ActiveCfg = Debug|Any CPU
		{D735CAE5-9A2A-44A7-916F-094216A90781}.Debug|Any CPU.Build.0 = Debug|Any CPU
		{D735CAE5-9A2A-44A7-916F-094216A90781}.Release|Any CPU.ActiveCfg = Release|Any CPU
		{D735CAE5-9A2A-44A7-916F-094216A90781}.Release|Any CPU.Build.0 = Release|Any CPU
		{651FE95C-B5A7-43F1-A20A-FD56679C2CF5}.Debug|Any CPU.ActiveCfg = Debug|Any CPU
		{651FE95C-B5A7-43F1-A20A-FD56679C2CF5}.Debug|Any CPU.Build.0 = Debug|Any CPU
		{651FE95C-B5A7-43F1-A20A-FD56679C2CF5}.Release|Any CPU.ActiveCfg = Release|Any CPU
		{651FE95C-B5A7-43F1-A20A-FD56679C2CF5}.Release|Any CPU.Build.0 = Release|Any CPU
		{55B251FA-3450-466C-AD49-3247754C529D}.Debug|Any CPU.ActiveCfg = Debug|Any CPU
		{55B251FA-3450-466C-AD49-3247754C529D}.Debug|Any CPU.Build.0 = Debug|Any CPU
		{55B251FA-3450-466C-AD49-3247754C529D}.Release|Any CPU.ActiveCfg = Release|Any CPU
		{55B251FA-3450-466C-AD49-3247754C529D}.Release|Any CPU.Build.0 = Release|Any CPU
		{6E713626-F5F7-4E96-8150-C15EB1860C24}.Debug|Any CPU.ActiveCfg = Debug|Any CPU
		{6E713626-F5F7-4E96-8150-C15EB1860C24}.Debug|Any CPU.Build.0 = Debug|Any CPU
		{6E713626-F5F7-4E96-8150-C15EB1860C24}.Release|Any CPU.ActiveCfg = Release|Any CPU
		{6E713626-F5F7-4E96-8150-C15EB1860C24}.Release|Any CPU.Build.0 = Release|Any CPU
		{EB687821-F9F6-4CF1-9657-290E0127D1EE}.Debug|Any CPU.ActiveCfg = Debug|Any CPU
		{EB687821-F9F6-4CF1-9657-290E0127D1EE}.Debug|Any CPU.Build.0 = Debug|Any CPU
		{EB687821-F9F6-4CF1-9657-290E0127D1EE}.Release|Any CPU.ActiveCfg = Release|Any CPU
		{EB687821-F9F6-4CF1-9657-290E0127D1EE}.Release|Any CPU.Build.0 = Release|Any CPU
		{0F2C837C-6D74-4C4F-BEEA-C73AF7D8187A}.Debug|Any CPU.ActiveCfg = Debug|Any CPU
		{0F2C837C-6D74-4C4F-BEEA-C73AF7D8187A}.Debug|Any CPU.Build.0 = Debug|Any CPU
		{0F2C837C-6D74-4C4F-BEEA-C73AF7D8187A}.Release|Any CPU.ActiveCfg = Release|Any CPU
		{0F2C837C-6D74-4C4F-BEEA-C73AF7D8187A}.Release|Any CPU.Build.0 = Release|Any CPU
		{7A3032E5-6DE2-4153-B25F-3751B398D41A}.Debug|Any CPU.ActiveCfg = Debug|Any CPU
		{7A3032E5-6DE2-4153-B25F-3751B398D41A}.Debug|Any CPU.Build.0 = Debug|Any CPU
		{7A3032E5-6DE2-4153-B25F-3751B398D41A}.Release|Any CPU.ActiveCfg = Release|Any CPU
		{7A3032E5-6DE2-4153-B25F-3751B398D41A}.Release|Any CPU.Build.0 = Release|Any CPU
		{CDAC2CAF-4518-4945-9C9B-CD2A6CFD7CF5}.Debug|Any CPU.ActiveCfg = Debug|Any CPU
		{CDAC2CAF-4518-4945-9C9B-CD2A6CFD7CF5}.Debug|Any CPU.Build.0 = Debug|Any CPU
		{CDAC2CAF-4518-4945-9C9B-CD2A6CFD7CF5}.Release|Any CPU.ActiveCfg = Release|Any CPU
		{CDAC2CAF-4518-4945-9C9B-CD2A6CFD7CF5}.Release|Any CPU.Build.0 = Release|Any CPU
		{01C32E60-96F3-420D-8856-C796BF7529FF}.Debug|Any CPU.ActiveCfg = Debug|Any CPU
		{01C32E60-96F3-420D-8856-C796BF7529FF}.Debug|Any CPU.Build.0 = Debug|Any CPU
		{01C32E60-96F3-420D-8856-C796BF7529FF}.Release|Any CPU.ActiveCfg = Release|Any CPU
		{01C32E60-96F3-420D-8856-C796BF7529FF}.Release|Any CPU.Build.0 = Release|Any CPU
		{AEF06E87-54B8-4577-BE4B-14E0FDBA3FFF}.Debug|Any CPU.ActiveCfg = Debug|Any CPU
		{AEF06E87-54B8-4577-BE4B-14E0FDBA3FFF}.Debug|Any CPU.Build.0 = Debug|Any CPU
		{AEF06E87-54B8-4577-BE4B-14E0FDBA3FFF}.Release|Any CPU.ActiveCfg = Release|Any CPU
		{AEF06E87-54B8-4577-BE4B-14E0FDBA3FFF}.Release|Any CPU.Build.0 = Release|Any CPU
		{AD55F31A-2382-4381-ABD2-4E33F3F1C815}.Debug|Any CPU.ActiveCfg = Debug|Any CPU
		{AD55F31A-2382-4381-ABD2-4E33F3F1C815}.Debug|Any CPU.Build.0 = Debug|Any CPU
		{AD55F31A-2382-4381-ABD2-4E33F3F1C815}.Release|Any CPU.ActiveCfg = Release|Any CPU
		{AD55F31A-2382-4381-ABD2-4E33F3F1C815}.Release|Any CPU.Build.0 = Release|Any CPU
		{344A04E6-A5ED-41E0-B2BB-1FDCF7968045}.Debug|Any CPU.ActiveCfg = Debug|Any CPU
		{344A04E6-A5ED-41E0-B2BB-1FDCF7968045}.Debug|Any CPU.Build.0 = Debug|Any CPU
		{344A04E6-A5ED-41E0-B2BB-1FDCF7968045}.Release|Any CPU.ActiveCfg = Release|Any CPU
		{344A04E6-A5ED-41E0-B2BB-1FDCF7968045}.Release|Any CPU.Build.0 = Release|Any CPU
		{601C3D06-7F74-47E7-BD0F-26D2FD21FE3C}.Debug|Any CPU.ActiveCfg = Debug|Any CPU
		{601C3D06-7F74-47E7-BD0F-26D2FD21FE3C}.Debug|Any CPU.Build.0 = Debug|Any CPU
		{601C3D06-7F74-47E7-BD0F-26D2FD21FE3C}.Release|Any CPU.ActiveCfg = Release|Any CPU
		{601C3D06-7F74-47E7-BD0F-26D2FD21FE3C}.Release|Any CPU.Build.0 = Release|Any CPU
		{0C3CA13D-01E7-4B7C-8B28-D7C5B80A5E36}.Debug|Any CPU.ActiveCfg = Debug|Any CPU
		{0C3CA13D-01E7-4B7C-8B28-D7C5B80A5E36}.Debug|Any CPU.Build.0 = Debug|Any CPU
		{0C3CA13D-01E7-4B7C-8B28-D7C5B80A5E36}.Release|Any CPU.ActiveCfg = Release|Any CPU
		{0C3CA13D-01E7-4B7C-8B28-D7C5B80A5E36}.Release|Any CPU.Build.0 = Release|Any CPU
		{705C0435-3C29-46F8-AA4E-33A9AD6A4FDF}.Debug|Any CPU.ActiveCfg = Debug|Any CPU
		{705C0435-3C29-46F8-AA4E-33A9AD6A4FDF}.Debug|Any CPU.Build.0 = Debug|Any CPU
		{705C0435-3C29-46F8-AA4E-33A9AD6A4FDF}.Release|Any CPU.ActiveCfg = Release|Any CPU
		{705C0435-3C29-46F8-AA4E-33A9AD6A4FDF}.Release|Any CPU.Build.0 = Release|Any CPU
		{60A6CB86-92CF-45DF-8D25-BA4BE62F8B20}.Debug|Any CPU.ActiveCfg = Debug|Any CPU
		{60A6CB86-92CF-45DF-8D25-BA4BE62F8B20}.Debug|Any CPU.Build.0 = Debug|Any CPU
		{60A6CB86-92CF-45DF-8D25-BA4BE62F8B20}.Release|Any CPU.ActiveCfg = Release|Any CPU
		{60A6CB86-92CF-45DF-8D25-BA4BE62F8B20}.Release|Any CPU.Build.0 = Release|Any CPU
		{5B6EB421-EE78-4F93-93B7-F899EC9D95CC}.Debug|Any CPU.ActiveCfg = Debug|Any CPU
		{5B6EB421-EE78-4F93-93B7-F899EC9D95CC}.Debug|Any CPU.Build.0 = Debug|Any CPU
		{5B6EB421-EE78-4F93-93B7-F899EC9D95CC}.Release|Any CPU.ActiveCfg = Release|Any CPU
		{5B6EB421-EE78-4F93-93B7-F899EC9D95CC}.Release|Any CPU.Build.0 = Release|Any CPU
	EndGlobalSection
	GlobalSection(SolutionProperties) = preSolution
		HideSolutionNode = FALSE
	EndGlobalSection
	GlobalSection(NestedProjects) = preSolution
		{A7FFA46D-74A3-450D-AEDA-BF203B401619} = {FA2BF75E-477D-474D-9403-374EA1FF7184}
		{C46F3447-1086-4709-BF67-E540391E76B1} = {FA2BF75E-477D-474D-9403-374EA1FF7184}
		{BC3567D7-0171-45FC-ABDA-1B053043F87C} = {FA2BF75E-477D-474D-9403-374EA1FF7184}
		{CA7D942A-EAA3-4690-B44C-CBDC709691A9} = {DCDB7DED-B9EA-4C82-8039-F4034AD6C4E4}
		{0B9BD03C-6244-43B5-8FAF-9CFFBB53E311} = {DCDB7DED-B9EA-4C82-8039-F4034AD6C4E4}
		{49592F5F-FC7D-4EFA-9D71-F792195C095B} = {DCDB7DED-B9EA-4C82-8039-F4034AD6C4E4}
		{D735CAE5-9A2A-44A7-916F-094216A90781} = {DCDB7DED-B9EA-4C82-8039-F4034AD6C4E4}
		{651FE95C-B5A7-43F1-A20A-FD56679C2CF5} = {DCDB7DED-B9EA-4C82-8039-F4034AD6C4E4}
		{55B251FA-3450-466C-AD49-3247754C529D} = {DCDB7DED-B9EA-4C82-8039-F4034AD6C4E4}
		{6E713626-F5F7-4E96-8150-C15EB1860C24} = {DCDB7DED-B9EA-4C82-8039-F4034AD6C4E4}
		{EB687821-F9F6-4CF1-9657-290E0127D1EE} = {DCDB7DED-B9EA-4C82-8039-F4034AD6C4E4}
		{0F2C837C-6D74-4C4F-BEEA-C73AF7D8187A} = {DCDB7DED-B9EA-4C82-8039-F4034AD6C4E4}
		{7A3032E5-6DE2-4153-B25F-3751B398D41A} = {DCDB7DED-B9EA-4C82-8039-F4034AD6C4E4}
		{CDAC2CAF-4518-4945-9C9B-CD2A6CFD7CF5} = {DCDB7DED-B9EA-4C82-8039-F4034AD6C4E4}
		{01C32E60-96F3-420D-8856-C796BF7529FF} = {FA2BF75E-477D-474D-9403-374EA1FF7184}
		{AEF06E87-54B8-4577-BE4B-14E0FDBA3FFF} = {FA2BF75E-477D-474D-9403-374EA1FF7184}
		{AD55F31A-2382-4381-ABD2-4E33F3F1C815} = {8956247E-5968-43CB-8CD9-51F2FBF79F3D}
		{344A04E6-A5ED-41E0-B2BB-1FDCF7968045} = {8956247E-5968-43CB-8CD9-51F2FBF79F3D}
		{601C3D06-7F74-47E7-BD0F-26D2FD21FE3C} = {8956247E-5968-43CB-8CD9-51F2FBF79F3D}
		{0C3CA13D-01E7-4B7C-8B28-D7C5B80A5E36} = {8956247E-5968-43CB-8CD9-51F2FBF79F3D}
		{705C0435-3C29-46F8-AA4E-33A9AD6A4FDF} = {8956247E-5968-43CB-8CD9-51F2FBF79F3D}
		{60A6CB86-92CF-45DF-8D25-BA4BE62F8B20} = {8956247E-5968-43CB-8CD9-51F2FBF79F3D}
		{5B6EB421-EE78-4F93-93B7-F899EC9D95CC} = {8956247E-5968-43CB-8CD9-51F2FBF79F3D}
		{0F9BBA4E-D11B-4ED4-965E-BFE521DF93A0} = {A1E5A088-5BA4-421B-BAD2-B9839EBA29A6}
		{8FA2756A-7D0F-4380-9C86-70B26D2AA2CF} = {A1E5A088-5BA4-421B-BAD2-B9839EBA29A6}
		{4914D6C2-69EB-4CF5-829A-0E04B893EFC5} = {A1E5A088-5BA4-421B-BAD2-B9839EBA29A6}
		{DF729203-4BF8-42F3-ACE1-C2A4D78BE428} = {A1E5A088-5BA4-421B-BAD2-B9839EBA29A6}
		{724163B6-B22D-4667-A413-864D8E1A722F} = {A1E5A088-5BA4-421B-BAD2-B9839EBA29A6}
	EndGlobalSection
	GlobalSection(ExtensibilityGlobals) = postSolution
		SolutionGuid = {B9E2E562-7FD4-43C2-BFD0-4FF0144F2823}
	EndGlobalSection
EndGlobal
